
Microsoft Visual Studio Solution File, Format Version 12.00
# Visual Studio Version 17
VisualStudioVersion = 17.8.34511.84
MinimumVisualStudioVersion = 10.0.40219.1
Project("{FAE04EC0-301F-11D3-BF4B-00C04F79EFBC}") = "Learning", "Learning\Learning.csproj", "{C60473F1-3EF6-4899-94AA-C836635EED27}"
EndProject
Global
	GlobalSection(SolutionConfigurationPlatforms) = preSolution
		Debug|Any CPU = Debug|Any CPU
		Release|Any CPU = Release|Any CPU
	EndGlobalSection
	GlobalSection(ProjectConfigurationPlatforms) = postSolution
		{C60473F1-3EF6-4899-94AA-C836635EED27}.Debug|Any CPU.ActiveCfg = Debug|Any CPU
		{C60473F1-3EF6-4899-94AA-C836635EED27}.Debug|Any CPU.Build.0 = Debug|Any CPU
		{C60473F1-3EF6-4899-94AA-C836635EED27}.Release|Any CPU.ActiveCfg = Release|Any CPU
		{C60473F1-3EF6-4899-94AA-C836635EED27}.Release|Any CPU.Build.0 = Release|Any CPU
	EndGlobalSection
	GlobalSection(SolutionProperties) = preSolution
		HideSolutionNode = FALSE
	EndGlobalSection
	GlobalSection(ExtensibilityGlobals) = postSolution
		SolutionGuid = {19447654-BB8E-4BA9-9A9C-DB4C5B70732C}
	EndGlobalSection
EndGlobal
